
Microsoft Visual Studio Solution File, Format Version 12.00
# Visual Studio 15
VisualStudioVersion = 15.0.28307.572
MinimumVisualStudioVersion = 10.0.40219.1
Project("{FAE04EC0-301F-11D3-BF4B-00C04F79EFBC}") = "StoreCMS", "StoreCMS\StoreCMS.csproj", "{1D2F46A2-359B-476F-998C-EECFF268BCEA}"
EndProject
Global
	GlobalSection(SolutionConfigurationPlatforms) = preSolution
		Debug|Any CPU = Debug|Any CPU
		Release|Any CPU = Release|Any CPU
	EndGlobalSection
	GlobalSection(ProjectConfigurationPlatforms) = postSolution
		{1D2F46A2-359B-476F-998C-EECFF268BCEA}.Debug|Any CPU.ActiveCfg = Debug|Any CPU
		{1D2F46A2-359B-476F-998C-EECFF268BCEA}.Debug|Any CPU.Build.0 = Debug|Any CPU
		{1D2F46A2-359B-476F-998C-EECFF268BCEA}.Release|Any CPU.ActiveCfg = Release|Any CPU
		{1D2F46A2-359B-476F-998C-EECFF268BCEA}.Release|Any CPU.Build.0 = Release|Any CPU
	EndGlobalSection
	GlobalSection(SolutionProperties) = preSolution
		HideSolutionNode = FALSE
	EndGlobalSection
	GlobalSection(ExtensibilityGlobals) = postSolution
		SolutionGuid = {ED853A7B-F832-4C65-AA89-976C16C52A14}
	EndGlobalSection
EndGlobal
